{
  "originHash" : "351f7a037a7797e8960c54005e79cc2e7cbc45610e43c0e6c2b84feb46b4b597",
  "pins" : [
    {
      "identity" : "capacitor-swift-pm",
      "kind" : "remoteSourceControl",
      "location" : "https://github.com/ionic-team/capacitor-swift-pm.git",
      "state" : {
        "revision" : "41ee0b4d8613cce2adf761f3c2345a66d2ad758b",
        "version" : "7.6.8"
      }
    }
  ],
  "version" : 3
}
